# THIS IS AN AUTOGENERATED FILE. DO NOT EDIT THIS FILE DIRECTLY.
# yarn lockfile v1


"axios@^0.16.0":
  "integrity" "sha512-IMYFDrcVbUksQhsMYtWCM6KdNaDpr1NY56dpzaIgj92ecPVI29bf2sOgAf8aGTiq8UoixJD61Pj0Ahej5DPv7w=="
  "resolved" "https://registry.npmjs.org/axios/-/axios-0.16.2.tgz"
  "version" "0.16.2"
  dependencies:
    "follow-redirects" "^1.2.3"
    "is-buffer" "^1.1.5"

"call-bind@^1.0.0":
  "integrity" "sha512-7O+FbCihrB5WGbFYesctwmTKae6rOiIzmz1icreWJ+0aA7LJfuqhEso2T9ncpcFtzMQtzXf2QGGueWJGTYsqrA=="
  "resolved" "https://registry.npmjs.org/call-bind/-/call-bind-1.0.2.tgz"
  "version" "1.0.2"
  dependencies:
    "function-bind" "^1.1.1"
    "get-intrinsic" "^1.0.2"

"dotenv@^16.0.1":
  "integrity" "sha512-1K6hR6wtk2FviQ4kEiSjFiH5rpzEVi8WW0x96aztHVMhEspNpc4DVOUTEHtEva5VThQ8IaBX1Pe4gSzpVVUsKQ=="
  "resolved" "https://registry.npmjs.org/dotenv/-/dotenv-16.0.1.tgz"
  "version" "16.0.1"

"follow-redirects@^1.2.3":
  "integrity" "sha512-aExlJShTV4qOUOL7yF1U5tvLCB0xQuudbf6toyYA0E/acBNw71mvjFTnLaRp50aQaYocMR0a/RMMBIHeZnGyjQ=="
  "resolved" "https://registry.npmjs.org/follow-redirects/-/follow-redirects-1.15.0.tgz"
  "version" "1.15.0"

"function-bind@^1.1.1":
  "integrity" "sha512-yIovAzMX49sF8Yl58fSCWJ5svSLuaibPxXQJFLmBObTuCr0Mf1KiPopGM9NiFjiYBCbfaa2Fh6breQ6ANVTI0A=="
  "resolved" "https://registry.npmjs.org/function-bind/-/function-bind-1.1.1.tgz"
  "version" "1.1.1"

"gemini-api@^2.0.4":
  "integrity" "sha512-pWWT+jjaVLrFUp2i8qIrBZoD/eBmY5XBu2MELQIc+pbgKdBJXefR5gVi/R9zaccoNbHZvpFztWCWrWhtXOxiKw=="
  "resolved" "https://registry.npmjs.org/gemini-api/-/gemini-api-2.0.4.tgz"
  "version" "2.0.4"
  dependencies:
    "axios" "^0.16.0"
    "lodash" "^4.17.4"
    "qs" "^6.4.0"
    "shortid" "^2.2.8"
    "ws" "^2.2.3"

"get-intrinsic@^1.0.2":
  "integrity" "sha512-kWZrnVM42QCiEA2Ig1bG8zjoIMOgxWwYCEeNdwY6Tv/cOSeGpcoX4pXHfKUxNKVoArnrEr2e9srnAxxGIraS9Q=="
  "resolved" "https://registry.npmjs.org/get-intrinsic/-/get-intrinsic-1.1.1.tgz"
  "version" "1.1.1"
  dependencies:
    "function-bind" "^1.1.1"
    "has" "^1.0.3"
    "has-symbols" "^1.0.1"

"has-symbols@^1.0.1":
  "integrity" "sha512-l3LCuF6MgDNwTDKkdYGEihYjt5pRPbEg46rtlmnSPlUbgmB8LOIrKJbYYFBSbnPaJexMKtiPO8hmeRjRz2Td+A=="
  "resolved" "https://registry.npmjs.org/has-symbols/-/has-symbols-1.0.3.tgz"
  "version" "1.0.3"

"has@^1.0.3":
  "integrity" "sha512-f2dvO0VU6Oej7RkWJGrehjbzMAjFp5/VKPp5tTpWIV4JHHZK1/BxbFRtf/siA2SWTe09caDmVtYYzWEIbBS4zw=="
  "resolved" "https://registry.npmjs.org/has/-/has-1.0.3.tgz"
  "version" "1.0.3"
  dependencies:
    "function-bind" "^1.1.1"

"is-buffer@^1.1.5":
  "integrity" "sha512-NcdALwpXkTm5Zvvbk7owOUSvVvBKDgKP5/ewfXEznmQFfs4ZRmanOeKBTjRVjka3QFoN6XJ+9F3USqfHqTaU5w=="
  "resolved" "https://registry.npmjs.org/is-buffer/-/is-buffer-1.1.6.tgz"
  "version" "1.1.6"

"lodash@^4.17.4":
  "integrity" "sha512-v2kDEe57lecTulaDIuNTPy3Ry4gLGJ6Z1O3vE1krgXZNrsQ+LFTGHVxVjcXPs17LhbZVGedAJv8XZ1tvj5FvSg=="
  "resolved" "https://registry.npmjs.org/lodash/-/lodash-4.17.21.tgz"
  "version" "4.17.21"

"nanoid@^2.1.0":
  "integrity" "sha512-s/snB+WGm6uwi0WjsZdaVcuf3KJXlfGl2LcxgwkEwJF0D/BWzVWAZW/XY4bFaiR7s0Jk3FPvlnepg1H1b1UwlA=="
  "resolved" "https://registry.npmjs.org/nanoid/-/nanoid-2.1.11.tgz"
  "version" "2.1.11"

"object-inspect@^1.9.0":
  "integrity" "sha512-Y/jF6vnvEtOPGiKD1+q+X0CiUYRQtEHp89MLLUJ7TUivtH8Ugn2+3A7Rynqk7BRsAoqeOQWnFnjpDrKSxDgIGA=="
  "resolved" "https://registry.npmjs.org/object-inspect/-/object-inspect-1.12.1.tgz"
  "version" "1.12.1"

"qs@^6.4.0":
  "integrity" "sha512-wr7M2E0OFRfIfJZjKGieI8lBKb7fRCH4Fv5KNPEs7gJ8jadvotdsS08PzOKR7opXhZ/Xkjtt3WF9g38drmyRqQ=="
  "resolved" "https://registry.npmjs.org/qs/-/qs-6.10.3.tgz"
  "version" "6.10.3"
  dependencies:
    "side-channel" "^1.0.4"

"safe-buffer@~5.0.1":
  "integrity" "sha1-0mPKVGls2KMGtcplUekt5XkY++c="
  "resolved" "https://registry.npmjs.org/safe-buffer/-/safe-buffer-5.0.1.tgz"
  "version" "5.0.1"

"shortid@^2.2.8":
  "integrity" "sha512-Ugt+GIZqvGXCIItnsL+lvFJOiN7RYqlGy7QE41O3YC1xbNSeDGIRO7xg2JJXIAj1cAGnOeC1r7/T9pgrtQbv4g=="
  "resolved" "https://registry.npmjs.org/shortid/-/shortid-2.2.16.tgz"
  "version" "2.2.16"
  dependencies:
    "nanoid" "^2.1.0"

"side-channel@^1.0.4":
  "integrity" "sha512-q5XPytqFEIKHkGdiMIrY10mvLRvnQh42/+GoBlFW3b2LXLE2xxJpZFdm94we0BaoV3RwJyGqg5wS7epxTv0Zvw=="
  "resolved" "https://registry.npmjs.org/side-channel/-/side-channel-1.0.4.tgz"
  "version" "1.0.4"
  dependencies:
    "call-bind" "^1.0.0"
    "get-intrinsic" "^1.0.2"
    "object-inspect" "^1.9.0"

"ultron@~1.1.0":
  "integrity" "sha512-UIEXBNeYmKptWH6z8ZnqTeS8fV74zG0/eRU9VGkpzz+LIJNs8W/zM/L+7ctCkRrgbNnnR0xxw4bKOr0cW0N0Og=="
  "resolved" "https://registry.npmjs.org/ultron/-/ultron-1.1.1.tgz"
  "version" "1.1.1"

"ws@^2.2.3":
  "integrity" "sha1-a5Sz5EfLajY/eF6vlK9jWejoHIA="
  "resolved" "https://registry.npmjs.org/ws/-/ws-2.3.1.tgz"
  "version" "2.3.1"
  dependencies:
    "safe-buffer" "~5.0.1"
    "ultron" "~1.1.0"
